
Microsoft Visual Studio Solution File, Format Version 12.00
# Visual Studio Version 17
VisualStudioVersion = 17.11.35327.3
MinimumVisualStudioVersion = 10.0.40219.1
Project("{FAE04EC0-301F-11D3-BF4B-00C04F79EFBC}") = "User_Menu", "User_Menu.csproj", "{12F2BCDA-8396-422E-B471-08CB91184FEF}"
EndProject
Global
	GlobalSection(SolutionConfigurationPlatforms) = preSolution
		Debug|Any CPU = Debug|Any CPU
		Release|Any CPU = Release|Any CPU
	EndGlobalSection
	GlobalSection(ProjectConfigurationPlatforms) = postSolution
		{12F2BCDA-8396-422E-B471-08CB91184FEF}.Debug|Any CPU.ActiveCfg = Debug|Any CPU
		{12F2BCDA-8396-422E-B471-08CB91184FEF}.Debug|Any CPU.Build.0 = Debug|Any CPU
		{12F2BCDA-8396-422E-B471-08CB91184FEF}.Release|Any CPU.ActiveCfg = Release|Any CPU
		{12F2BCDA-8396-422E-B471-08CB91184FEF}.Release|Any CPU.Build.0 = Release|Any CPU
	EndGlobalSection
	GlobalSection(SolutionProperties) = preSolution
		HideSolutionNode = FALSE
	EndGlobalSection
	GlobalSection(ExtensibilityGlobals) = postSolution
		SolutionGuid = {DD137C49-53C1-4196-A539-0E0DB7024974}
	EndGlobalSection
EndGlobal
